
Microsoft Visual Studio Solution File, Format Version 12.00
# Visual Studio Version 17
VisualStudioVersion = 17.7.34024.191
MinimumVisualStudioVersion = 10.0.40219.1
Project("{9A19103F-16F7-4668-BE54-9A1E7A4F7556}") = "LLMAudioChat", "LLMAudioChat.csproj", "{EEB59B16-0B8F-40B1-B3AB-F1A96406CEB2}"
EndProject
Global
	GlobalSection(SolutionConfigurationPlatforms) = preSolution
		Debug|Any CPU = Debug|Any CPU
		Debug|x64 = Debug|x64
		Release|Any CPU = Release|Any CPU
		Release|x64 = Release|x64
	EndGlobalSection
	GlobalSection(ProjectConfigurationPlatforms) = postSolution
		{EEB59B16-0B8F-40B1-B3AB-F1A96406CEB2}.Debug|Any CPU.ActiveCfg = Debug|Any CPU
		{EEB59B16-0B8F-40B1-B3AB-F1A96406CEB2}.Debug|Any CPU.Build.0 = Debug|Any CPU
		{EEB59B16-0B8F-40B1-B3AB-F1A96406CEB2}.Debug|x64.ActiveCfg = Debug|x64
		{EEB59B16-0B8F-40B1-B3AB-F1A96406CEB2}.Debug|x64.Build.0 = Debug|x64
		{EEB59B16-0B8F-40B1-B3AB-F1A96406CEB2}.Release|Any CPU.ActiveCfg = Release|Any CPU
		{EEB59B16-0B8F-40B1-B3AB-F1A96406CEB2}.Release|Any CPU.Build.0 = Release|Any CPU
		{EEB59B16-0B8F-40B1-B3AB-F1A96406CEB2}.Release|x64.ActiveCfg = Release|x64
		{EEB59B16-0B8F-40B1-B3AB-F1A96406CEB2}.Release|x64.Build.0 = Release|x64
	EndGlobalSection
	GlobalSection(SolutionProperties) = preSolution
		HideSolutionNode = FALSE
	EndGlobalSection
	GlobalSection(ExtensibilityGlobals) = postSolution
		SolutionGuid = {186DE919-9073-4EA2-8619-4BC86A66B0E1}
	EndGlobalSection
EndGlobal
